
Microsoft Visual Studio Solution File, Format Version 12.00
# Visual Studio 15
VisualStudioVersion = 15.0.27703.2035
MinimumVisualStudioVersion = 10.0.40219.1
Project("{FAE04EC0-301F-11D3-BF4B-00C04F79EFBC}") = "RobotBackuperv2", "RobotBackuperv2\RobotBackuperv2.csproj", "{DCDCBBDF-2201-4DB1-A07D-3B2D31127AAA}"
EndProject
Global
	GlobalSection(SolutionConfigurationPlatforms) = preSolution
		Debug|Any CPU = Debug|Any CPU
		Release|Any CPU = Release|Any CPU
	EndGlobalSection
	GlobalSection(ProjectConfigurationPlatforms) = postSolution
		{DCDCBBDF-2201-4DB1-A07D-3B2D31127AAA}.Debug|Any CPU.ActiveCfg = Debug|Any CPU
		{DCDCBBDF-2201-4DB1-A07D-3B2D31127AAA}.Debug|Any CPU.Build.0 = Debug|Any CPU
		{DCDCBBDF-2201-4DB1-A07D-3B2D31127AAA}.Release|Any CPU.ActiveCfg = Release|Any CPU
		{DCDCBBDF-2201-4DB1-A07D-3B2D31127AAA}.Release|Any CPU.Build.0 = Release|Any CPU
	EndGlobalSection
	GlobalSection(SolutionProperties) = preSolution
		HideSolutionNode = FALSE
	EndGlobalSection
	GlobalSection(ExtensibilityGlobals) = postSolution
		SolutionGuid = {E3A6B347-F73F-46E8-BF93-14344EC06CEE}
	EndGlobalSection
EndGlobal
